# This file is automatically @generated by Poetry 2.2.1 and should not be changed by hand.

[[package]]
name = "markdown"
version = "3.10"
description = "Python implementation of John Gruber's Markdown."
optional = false
python-versions = ">=3.10"
groups = ["main"]
files = [
    {file = "markdown-3.10-py3-none-any.whl", hash = "sha256:b5b99d6951e2e4948d939255596523444c0e677c669700b1d17aa4a8a464cb7c"},
    {file = "markdown-3.10.tar.gz", hash = "sha256:37062d4f2aa4b2b6b32aefb80faa300f82cc790cb949a35b8caede34f2b68c0e"},
]

[package.extras]
docs = ["mdx_gh_links (>=0.2)", "mkdocs (>=1.6)", "mkdocs-gen-files", "mkdocs-literate-nav", "mkdocs-nature (>=0.6)", "mkdocs-section-index", "mkdocstrings[python]"]
testing = ["coverage", "pyyaml"]

[metadata]
lock-version = "2.1"
python-versions = ">=3.14"
content-hash = "0f0a3274f9f7dd106a8f16f77eaa4a9ed4db73d9c88d4828389ac8f123a105e3"
